
Microsoft Visual Studio Solution File, Format Version 12.00
# Visual Studio Version 17
VisualStudioVersion = 17.8.34330.188
MinimumVisualStudioVersion = 10.0.40219.1
Project("{9A19103F-16F7-4668-BE54-9A1E7A4F7556}") = "01_Task", "01_Task\01_Task.csproj", "{0DE01558-9FE0-4C0D-AFE0-41616C719B80}"
EndProject
Project("{9A19103F-16F7-4668-BE54-9A1E7A4F7556}") = "01_HomeWork", "01_HomeWork\01_HomeWork.csproj", "{8CC1AF8E-7564-4F16-B96F-2CD30242FEB5}"
EndProject
Project("{9A19103F-16F7-4668-BE54-9A1E7A4F7556}") = "02_Task", "02_Task\02_Task.csproj", "{32261E6D-37CF-44E4-9EF7-37FC9F44E512}"
EndProject
Project("{9A19103F-16F7-4668-BE54-9A1E7A4F7556}") = "02_HomeWork", "02_HomeWork\02_HomeWork.csproj", "{2985F8D6-48A0-497E-BB79-C94FAA7DEBEF}"
EndProject
Project("{9A19103F-16F7-4668-BE54-9A1E7A4F7556}") = "03_Task", "03_Task\03_Task.csproj", "{D65F995A-60FF-429E-AEE4-66DF0C68B113}"
EndProject
Project("{9A19103F-16F7-4668-BE54-9A1E7A4F7556}") = "03_HomeWork", "03_HomeWork\03_HomeWork.csproj", "{349EEE58-2C9B-4750-B2A1-A1BC4A5ADE30}"
EndProject
Project("{9A19103F-16F7-4668-BE54-9A1E7A4F7556}") = "03_Task_Advanced", "03_Task_Advanced\03_Task_Advanced.csproj", "{F5617EC3-6B50-417C-B5F8-50C1D90DD811}"
EndProject
Project("{9A19103F-16F7-4668-BE54-9A1E7A4F7556}") = "04_Task", "04_Task\04_Task.csproj", "{47B4FDF9-8399-4438-BF8F-42C9B621D986}"
EndProject
Project("{9A19103F-16F7-4668-BE54-9A1E7A4F7556}") = "04_HomeWork", "04_HomeWork\04_HomeWork.csproj", "{5FC9D3CB-6A59-4044-BCBE-50A5EFFAF37D}"
EndProject
Project("{9A19103F-16F7-4668-BE54-9A1E7A4F7556}") = "05_Task", "05_Task\05_Task.csproj", "{BEE6A226-C8E7-47E8-BB23-F188FE95B623}"
EndProject
Project("{9A19103F-16F7-4668-BE54-9A1E7A4F7556}") = "05_HomeWork", "05_HomeWork\05_HomeWork.csproj", "{B18E368D-B2D8-4FCB-B5F1-23E7DBDFE8C7}"
EndProject
Project("{9A19103F-16F7-4668-BE54-9A1E7A4F7556}") = "05_Task_Advanced", "05_Task_Advanced\05_Task_Advanced.csproj", "{221FBE66-085E-43A2-A462-1C5C120587B3}"
EndProject
Project("{9A19103F-16F7-4668-BE54-9A1E7A4F7556}") = "06_HomeWork", "06_HomeWork\06_HomeWork.csproj", "{E91338FB-1418-46D0-9848-EC74BAFECC70}"
EndProject
Project("{9A19103F-16F7-4668-BE54-9A1E7A4F7556}") = "06_Task_Advanced", "06_Task_Advanced\06_Task_Advanced.csproj", "{D4EAB071-6D6C-45CC-80E7-FF75A10D87DA}"
EndProject
Project("{9A19103F-16F7-4668-BE54-9A1E7A4F7556}") = "07_Task", "07_Task\07_Task.csproj", "{3FB07868-5813-4D00-8919-9589B1BD54E5}"
EndProject
Project("{9A19103F-16F7-4668-BE54-9A1E7A4F7556}") = "07_HomeWork", "07_HomeWork\07_HomeWork.csproj", "{2F65B53D-E3BD-4AF6-B159-36F7A13154C1}"
EndProject
Project("{9A19103F-16F7-4668-BE54-9A1E7A4F7556}") = "08_Task", "08_Task\08_Task.csproj", "{93E57B46-2D90-4999-9A89-71AB25CA5001}"
EndProject
Project("{9A19103F-16F7-4668-BE54-9A1E7A4F7556}") = "08_HomeWork", "08_HomeWork\08_HomeWork.csproj", "{06025950-3C87-4E69-868D-3F321176FF7D}"
EndProject
Project("{9A19103F-16F7-4668-BE54-9A1E7A4F7556}") = "09_Task", "09_Task\09_Task.csproj", "{B487B4BF-2C0A-4A28-B64A-C9F835A040A9}"
EndProject
Project("{9A19103F-16F7-4668-BE54-9A1E7A4F7556}") = "09_HomeWorkA", "09_HomeWorkA\09_HomeWorkA.csproj", "{BEB41853-3262-434F-B34D-F894B076B4C4}"
EndProject
Project("{9A19103F-16F7-4668-BE54-9A1E7A4F7556}") = "09_HomeWorkB", "09_HomeWorkB\09_HomeWorkB.csproj", "{4945B7DA-498D-45B6-9291-F7191B7A29DC}"
EndProject
Project("{9A19103F-16F7-4668-BE54-9A1E7A4F7556}") = "09_Task_Advanced", "09_Task_Advanced\09_Task_Advanced.csproj", "{7BECD963-8D80-4A1E-A891-B4E6885357B5}"
EndProject
Project("{9A19103F-16F7-4668-BE54-9A1E7A4F7556}") = "10_Task", "10_Task\10_Task.csproj", "{72A78583-0191-4D81-9D9D-62A0C0A58CF3}"
EndProject
Project("{9A19103F-16F7-4668-BE54-9A1E7A4F7556}") = "10_Task_UnitTest", "10_Task_UnitTest\10_Task_UnitTest.csproj", "{C7182682-1EA9-47BB-BD27-7B20B3FA4594}"
EndProject
Project("{9A19103F-16F7-4668-BE54-9A1E7A4F7556}") = "10_HomeWork", "10_HomeWork\10_HomeWork.csproj", "{064C36D8-EF2B-47E8-95B0-67A93CA4E436}"
EndProject
Project("{9A19103F-16F7-4668-BE54-9A1E7A4F7556}") = "11_Task", "11_Task\11_Task.csproj", "{E8B72C02-8ABE-419F-B5B5-DD8C28C757EC}"
EndProject
Project("{9A19103F-16F7-4668-BE54-9A1E7A4F7556}") = "11_HomeWork", "11_HomeWork\11_HomeWork.csproj", "{441B7928-BF0A-49EF-BAF5-A802B506FF85}"
EndProject
Project("{FAE04EC0-301F-11D3-BF4B-00C04F79EFBC}") = "11_HomeWork_Advanced", "11_HomeWork_Advanced\11_HomeWork_Advanced.csproj", "{F4FC8C46-5951-4C94-BC4B-DCC5C4AC93F3}"
EndProject
Project("{FAE04EC0-301F-11D3-BF4B-00C04F79EFBC}") = "12_HomeWork", "12_HomeWork\12_HomeWork.csproj", "{F16BC3EE-3D25-411F-AD69-06AA4B2FEABD}"
EndProject
Project("{FAE04EC0-301F-11D3-BF4B-00C04F79EFBC}") = "12_Task", "12_Task\12_Task.csproj", "{2B38A7C7-BD87-4457-A2D2-E8C6FD54900B}"
EndProject
Project("{FAE04EC0-301F-11D3-BF4B-00C04F79EFBC}") = "13_Task", "13_Task\13_Task.csproj", "{56008CAE-35A9-4EDB-AC64-F613266ECDC2}"
EndProject
Global
	GlobalSection(SolutionConfigurationPlatforms) = preSolution
		Debug|Any CPU = Debug|Any CPU
		Release|Any CPU = Release|Any CPU
	EndGlobalSection
	GlobalSection(ProjectConfigurationPlatforms) = postSolution
		{0DE01558-9FE0-4C0D-AFE0-41616C719B80}.Debug|Any CPU.ActiveCfg = Debug|Any CPU
		{0DE01558-9FE0-4C0D-AFE0-41616C719B80}.Debug|Any CPU.Build.0 = Debug|Any CPU
		{0DE01558-9FE0-4C0D-AFE0-41616C719B80}.Release|Any CPU.ActiveCfg = Release|Any CPU
		{0DE01558-9FE0-4C0D-AFE0-41616C719B80}.Release|Any CPU.Build.0 = Release|Any CPU
		{8CC1AF8E-7564-4F16-B96F-2CD30242FEB5}.Debug|Any CPU.ActiveCfg = Debug|Any CPU
		{8CC1AF8E-7564-4F16-B96F-2CD30242FEB5}.Debug|Any CPU.Build.0 = Debug|Any CPU
		{8CC1AF8E-7564-4F16-B96F-2CD30242FEB5}.Release|Any CPU.ActiveCfg = Release|Any CPU
		{8CC1AF8E-7564-4F16-B96F-2CD30242FEB5}.Release|Any CPU.Build.0 = Release|Any CPU
		{32261E6D-37CF-44E4-9EF7-37FC9F44E512}.Debug|Any CPU.ActiveCfg = Debug|Any CPU
		{32261E6D-37CF-44E4-9EF7-37FC9F44E512}.Debug|Any CPU.Build.0 = Debug|Any CPU
		{32261E6D-37CF-44E4-9EF7-37FC9F44E512}.Release|Any CPU.ActiveCfg = Release|Any CPU
		{32261E6D-37CF-44E4-9EF7-37FC9F44E512}.Release|Any CPU.Build.0 = Release|Any CPU
		{2985F8D6-48A0-497E-BB79-C94FAA7DEBEF}.Debug|Any CPU.ActiveCfg = Debug|Any CPU
		{2985F8D6-48A0-497E-BB79-C94FAA7DEBEF}.Debug|Any CPU.Build.0 = Debug|Any CPU
		{2985F8D6-48A0-497E-BB79-C94FAA7DEBEF}.Release|Any CPU.ActiveCfg = Release|Any CPU
		{2985F8D6-48A0-497E-BB79-C94FAA7DEBEF}.Release|Any CPU.Build.0 = Release|Any CPU
		{D65F995A-60FF-429E-AEE4-66DF0C68B113}.Debug|Any CPU.ActiveCfg = Debug|Any CPU
		{D65F995A-60FF-429E-AEE4-66DF0C68B113}.Debug|Any CPU.Build.0 = Debug|Any CPU
		{D65F995A-60FF-429E-AEE4-66DF0C68B113}.Release|Any CPU.ActiveCfg = Release|Any CPU
		{D65F995A-60FF-429E-AEE4-66DF0C68B113}.Release|Any CPU.Build.0 = Release|Any CPU
		{349EEE58-2C9B-4750-B2A1-A1BC4A5ADE30}.Debug|Any CPU.ActiveCfg = Debug|Any CPU
		{349EEE58-2C9B-4750-B2A1-A1BC4A5ADE30}.Debug|Any CPU.Build.0 = Debug|Any CPU
		{349EEE58-2C9B-4750-B2A1-A1BC4A5ADE30}.Release|Any CPU.ActiveCfg = Release|Any CPU
		{349EEE58-2C9B-4750-B2A1-A1BC4A5ADE30}.Release|Any CPU.Build.0 = Release|Any CPU
		{F5617EC3-6B50-417C-B5F8-50C1D90DD811}.Debug|Any CPU.ActiveCfg = Debug|Any CPU
		{F5617EC3-6B50-417C-B5F8-50C1D90DD811}.Debug|Any CPU.Build.0 = Debug|Any CPU
		{F5617EC3-6B50-417C-B5F8-50C1D90DD811}.Release|Any CPU.ActiveCfg = Release|Any CPU
		{F5617EC3-6B50-417C-B5F8-50C1D90DD811}.Release|Any CPU.Build.0 = Release|Any CPU
		{47B4FDF9-8399-4438-BF8F-42C9B621D986}.Debug|Any CPU.ActiveCfg = Debug|Any CPU
		{47B4FDF9-8399-4438-BF8F-42C9B621D986}.Debug|Any CPU.Build.0 = Debug|Any CPU
		{47B4FDF9-8399-4438-BF8F-42C9B621D986}.Release|Any CPU.ActiveCfg = Release|Any CPU
		{47B4FDF9-8399-4438-BF8F-42C9B621D986}.Release|Any CPU.Build.0 = Release|Any CPU
		{5FC9D3CB-6A59-4044-BCBE-50A5EFFAF37D}.Debug|Any CPU.ActiveCfg = Debug|Any CPU
		{5FC9D3CB-6A59-4044-BCBE-50A5EFFAF37D}.Debug|Any CPU.Build.0 = Debug|Any CPU
		{5FC9D3CB-6A59-4044-BCBE-50A5EFFAF37D}.Release|Any CPU.ActiveCfg = Release|Any CPU
		{5FC9D3CB-6A59-4044-BCBE-50A5EFFAF37D}.Release|Any CPU.Build.0 = Release|Any CPU
		{BEE6A226-C8E7-47E8-BB23-F188FE95B623}.Debug|Any CPU.ActiveCfg = Debug|Any CPU
		{BEE6A226-C8E7-47E8-BB23-F188FE95B623}.Debug|Any CPU.Build.0 = Debug|Any CPU
		{BEE6A226-C8E7-47E8-BB23-F188FE95B623}.Release|Any CPU.ActiveCfg = Release|Any CPU
		{BEE6A226-C8E7-47E8-BB23-F188FE95B623}.Release|Any CPU.Build.0 = Release|Any CPU
		{B18E368D-B2D8-4FCB-B5F1-23E7DBDFE8C7}.Debug|Any CPU.ActiveCfg = Debug|Any CPU
		{B18E368D-B2D8-4FCB-B5F1-23E7DBDFE8C7}.Debug|Any CPU.Build.0 = Debug|Any CPU
		{B18E368D-B2D8-4FCB-B5F1-23E7DBDFE8C7}.Release|Any CPU.ActiveCfg = Release|Any CPU
		{B18E368D-B2D8-4FCB-B5F1-23E7DBDFE8C7}.Release|Any CPU.Build.0 = Release|Any CPU
		{221FBE66-085E-43A2-A462-1C5C120587B3}.Debug|Any CPU.ActiveCfg = Debug|Any CPU
		{221FBE66-085E-43A2-A462-1C5C120587B3}.Debug|Any CPU.Build.0 = Debug|Any CPU
		{221FBE66-085E-43A2-A462-1C5C120587B3}.Release|Any CPU.ActiveCfg = Release|Any CPU
		{221FBE66-085E-43A2-A462-1C5C120587B3}.Release|Any CPU.Build.0 = Release|Any CPU
		{E91338FB-1418-46D0-9848-EC74BAFECC70}.Debug|Any CPU.ActiveCfg = Debug|Any CPU
		{E91338FB-1418-46D0-9848-EC74BAFECC70}.Debug|Any CPU.Build.0 = Debug|Any CPU
		{E91338FB-1418-46D0-9848-EC74BAFECC70}.Release|Any CPU.ActiveCfg = Release|Any CPU
		{E91338FB-1418-46D0-9848-EC74BAFECC70}.Release|Any CPU.Build.0 = Release|Any CPU
		{D4EAB071-6D6C-45CC-80E7-FF75A10D87DA}.Debug|Any CPU.ActiveCfg = Debug|Any CPU
		{D4EAB071-6D6C-45CC-80E7-FF75A10D87DA}.Debug|Any CPU.Build.0 = Debug|Any CPU
		{D4EAB071-6D6C-45CC-80E7-FF75A10D87DA}.Release|Any CPU.ActiveCfg = Release|Any CPU
		{D4EAB071-6D6C-45CC-80E7-FF75A10D87DA}.Release|Any CPU.Build.0 = Release|Any CPU
		{3FB07868-5813-4D00-8919-9589B1BD54E5}.Debug|Any CPU.ActiveCfg = Debug|Any CPU
		{3FB07868-5813-4D00-8919-9589B1BD54E5}.Debug|Any CPU.Build.0 = Debug|Any CPU
		{3FB07868-5813-4D00-8919-9589B1BD54E5}.Release|Any CPU.ActiveCfg = Release|Any CPU
		{3FB07868-5813-4D00-8919-9589B1BD54E5}.Release|Any CPU.Build.0 = Release|Any CPU
		{2F65B53D-E3BD-4AF6-B159-36F7A13154C1}.Debug|Any CPU.ActiveCfg = Debug|Any CPU
		{2F65B53D-E3BD-4AF6-B159-36F7A13154C1}.Debug|Any CPU.Build.0 = Debug|Any CPU
		{2F65B53D-E3BD-4AF6-B159-36F7A13154C1}.Release|Any CPU.ActiveCfg = Release|Any CPU
		{2F65B53D-E3BD-4AF6-B159-36F7A13154C1}.Release|Any CPU.Build.0 = Release|Any CPU
		{93E57B46-2D90-4999-9A89-71AB25CA5001}.Debug|Any CPU.ActiveCfg = Debug|Any CPU
		{93E57B46-2D90-4999-9A89-71AB25CA5001}.Debug|Any CPU.Build.0 = Debug|Any CPU
		{93E57B46-2D90-4999-9A89-71AB25CA5001}.Release|Any CPU.ActiveCfg = Release|Any CPU
		{93E57B46-2D90-4999-9A89-71AB25CA5001}.Release|Any CPU.Build.0 = Release|Any CPU
		{06025950-3C87-4E69-868D-3F321176FF7D}.Debug|Any CPU.ActiveCfg = Debug|Any CPU
		{06025950-3C87-4E69-868D-3F321176FF7D}.Debug|Any CPU.Build.0 = Debug|Any CPU
		{06025950-3C87-4E69-868D-3F321176FF7D}.Release|Any CPU.ActiveCfg = Release|Any CPU
		{06025950-3C87-4E69-868D-3F321176FF7D}.Release|Any CPU.Build.0 = Release|Any CPU
		{B487B4BF-2C0A-4A28-B64A-C9F835A040A9}.Debug|Any CPU.ActiveCfg = Debug|Any CPU
		{B487B4BF-2C0A-4A28-B64A-C9F835A040A9}.Debug|Any CPU.Build.0 = Debug|Any CPU
		{B487B4BF-2C0A-4A28-B64A-C9F835A040A9}.Release|Any CPU.ActiveCfg = Release|Any CPU
		{B487B4BF-2C0A-4A28-B64A-C9F835A040A9}.Release|Any CPU.Build.0 = Release|Any CPU
		{BEB41853-3262-434F-B34D-F894B076B4C4}.Debug|Any CPU.ActiveCfg = Debug|Any CPU
		{BEB41853-3262-434F-B34D-F894B076B4C4}.Debug|Any CPU.Build.0 = Debug|Any CPU
		{BEB41853-3262-434F-B34D-F894B076B4C4}.Release|Any CPU.ActiveCfg = Release|Any CPU
		{BEB41853-3262-434F-B34D-F894B076B4C4}.Release|Any CPU.Build.0 = Release|Any CPU
		{4945B7DA-498D-45B6-9291-F7191B7A29DC}.Debug|Any CPU.ActiveCfg = Debug|Any CPU
		{4945B7DA-498D-45B6-9291-F7191B7A29DC}.Debug|Any CPU.Build.0 = Debug|Any CPU
		{4945B7DA-498D-45B6-9291-F7191B7A29DC}.Release|Any CPU.ActiveCfg = Release|Any CPU
		{4945B7DA-498D-45B6-9291-F7191B7A29DC}.Release|Any CPU.Build.0 = Release|Any CPU
		{7BECD963-8D80-4A1E-A891-B4E6885357B5}.Debug|Any CPU.ActiveCfg = Debug|Any CPU
		{7BECD963-8D80-4A1E-A891-B4E6885357B5}.Debug|Any CPU.Build.0 = Debug|Any CPU
		{7BECD963-8D80-4A1E-A891-B4E6885357B5}.Release|Any CPU.ActiveCfg = Release|Any CPU
		{7BECD963-8D80-4A1E-A891-B4E6885357B5}.Release|Any CPU.Build.0 = Release|Any CPU
		{72A78583-0191-4D81-9D9D-62A0C0A58CF3}.Debug|Any CPU.ActiveCfg = Debug|Any CPU
		{72A78583-0191-4D81-9D9D-62A0C0A58CF3}.Debug|Any CPU.Build.0 = Debug|Any CPU
		{72A78583-0191-4D81-9D9D-62A0C0A58CF3}.Release|Any CPU.ActiveCfg = Release|Any CPU
		{72A78583-0191-4D81-9D9D-62A0C0A58CF3}.Release|Any CPU.Build.0 = Release|Any CPU
		{C7182682-1EA9-47BB-BD27-7B20B3FA4594}.Debug|Any CPU.ActiveCfg = Debug|Any CPU
		{C7182682-1EA9-47BB-BD27-7B20B3FA4594}.Debug|Any CPU.Build.0 = Debug|Any CPU
		{C7182682-1EA9-47BB-BD27-7B20B3FA4594}.Release|Any CPU.ActiveCfg = Release|Any CPU
		{C7182682-1EA9-47BB-BD27-7B20B3FA4594}.Release|Any CPU.Build.0 = Release|Any CPU
		{064C36D8-EF2B-47E8-95B0-67A93CA4E436}.Debug|Any CPU.ActiveCfg = Debug|Any CPU
		{064C36D8-EF2B-47E8-95B0-67A93CA4E436}.Debug|Any CPU.Build.0 = Debug|Any CPU
		{064C36D8-EF2B-47E8-95B0-67A93CA4E436}.Release|Any CPU.ActiveCfg = Release|Any CPU
		{064C36D8-EF2B-47E8-95B0-67A93CA4E436}.Release|Any CPU.Build.0 = Release|Any CPU
		{E8B72C02-8ABE-419F-B5B5-DD8C28C757EC}.Debug|Any CPU.ActiveCfg = Debug|Any CPU
		{E8B72C02-8ABE-419F-B5B5-DD8C28C757EC}.Debug|Any CPU.Build.0 = Debug|Any CPU
		{E8B72C02-8ABE-419F-B5B5-DD8C28C757EC}.Release|Any CPU.ActiveCfg = Release|Any CPU
		{E8B72C02-8ABE-419F-B5B5-DD8C28C757EC}.Release|Any CPU.Build.0 = Release|Any CPU
		{441B7928-BF0A-49EF-BAF5-A802B506FF85}.Debug|Any CPU.ActiveCfg = Debug|Any CPU
		{441B7928-BF0A-49EF-BAF5-A802B506FF85}.Debug|Any CPU.Build.0 = Debug|Any CPU
		{441B7928-BF0A-49EF-BAF5-A802B506FF85}.Release|Any CPU.ActiveCfg = Release|Any CPU
		{441B7928-BF0A-49EF-BAF5-A802B506FF85}.Release|Any CPU.Build.0 = Release|Any CPU
		{F4FC8C46-5951-4C94-BC4B-DCC5C4AC93F3}.Debug|Any CPU.ActiveCfg = Debug|Any CPU
		{F4FC8C46-5951-4C94-BC4B-DCC5C4AC93F3}.Debug|Any CPU.Build.0 = Debug|Any CPU
		{F4FC8C46-5951-4C94-BC4B-DCC5C4AC93F3}.Release|Any CPU.ActiveCfg = Release|Any CPU
		{F4FC8C46-5951-4C94-BC4B-DCC5C4AC93F3}.Release|Any CPU.Build.0 = Release|Any CPU
		{F16BC3EE-3D25-411F-AD69-06AA4B2FEABD}.Debug|Any CPU.ActiveCfg = Debug|Any CPU
		{F16BC3EE-3D25-411F-AD69-06AA4B2FEABD}.Debug|Any CPU.Build.0 = Debug|Any CPU
		{F16BC3EE-3D25-411F-AD69-06AA4B2FEABD}.Release|Any CPU.ActiveCfg = Release|Any CPU
		{F16BC3EE-3D25-411F-AD69-06AA4B2FEABD}.Release|Any CPU.Build.0 = Release|Any CPU
		{2B38A7C7-BD87-4457-A2D2-E8C6FD54900B}.Debug|Any CPU.ActiveCfg = Debug|Any CPU
		{2B38A7C7-BD87-4457-A2D2-E8C6FD54900B}.Debug|Any CPU.Build.0 = Debug|Any CPU
		{2B38A7C7-BD87-4457-A2D2-E8C6FD54900B}.Release|Any CPU.ActiveCfg = Release|Any CPU
		{2B38A7C7-BD87-4457-A2D2-E8C6FD54900B}.Release|Any CPU.Build.0 = Release|Any CPU
		{56008CAE-35A9-4EDB-AC64-F613266ECDC2}.Debug|Any CPU.ActiveCfg = Debug|Any CPU
		{56008CAE-35A9-4EDB-AC64-F613266ECDC2}.Debug|Any CPU.Build.0 = Debug|Any CPU
		{56008CAE-35A9-4EDB-AC64-F613266ECDC2}.Release|Any CPU.ActiveCfg = Release|Any CPU
		{56008CAE-35A9-4EDB-AC64-F613266ECDC2}.Release|Any CPU.Build.0 = Release|Any CPU
	EndGlobalSection
	GlobalSection(SolutionProperties) = preSolution
		HideSolutionNode = FALSE
	EndGlobalSection
	GlobalSection(ExtensibilityGlobals) = postSolution
		SolutionGuid = {A0F8700A-1F53-4734-9E0D-CC21F9148E55}
	EndGlobalSection
EndGlobal
